{
    "version": 3,
    "terraform_version": "0.11.3",
    "serial": 2,
    "lineage": "42f683d6-49a7-4f53-88ab-49dfce9d9c38",
    "modules": [
        {
            "path": [
                "root"
            ],
            "outputs": {},
            "resources": {
                "infoblox_ip_allocation.demo_associate": {
                    "type": "infoblox_ip_allocation",
                    "depends_on": [],
                    "primary": {
                        "id": "record:host/ZG5zLmhvc3QkLl9kZWZhdWx0LmZuaS5xdHMuZGV2aW50MS50ZXN0dGVycmFmb3JtaW5mb2Jsb3gy:testterraforminfoblox2.devint1.qts.fni/default",
                        "attributes": {
                            "cidr": "10.117.40.0/24",
                            "host_name": "testterraforminfoblox2.devint1.qts.fni",
                            "id": "record:host/ZG5zLmhvc3QkLl9kZWZhdWx0LmZuaS5xdHMuZGV2aW50MS50ZXN0dGVycmFmb3JtaW5mb2Jsb3gy:testterraforminfoblox2.devint1.qts.fni/default",
                            "ip_addr": "10.117.40.92",
                            "network_view_name": "default",
                            "tenant_id": "test"
                        },
                        "meta": {},
                        "tainted": false
                    },
                    "deposed": [],
                    "provider": "provider.infoblox"
                }
            },
            "depends_on": []
        }
    ]
}
